
Microsoft Visual Studio Solution File, Format Version 12.00
# Visual Studio Version 16
VisualStudioVersion = 16.0.30717.126
MinimumVisualStudioVersion = 10.0.40219.1
Project("{2150E333-8FDC-42A3-9474-1A3956D46DE8}") = "src", "src", "{DAE9D64F-AFC6-4B8B-8AC4-4F34516E1FB0}"
EndProject
Project("{2150E333-8FDC-42A3-9474-1A3956D46DE8}") = "Services", "Services", "{59DA9440-4C21-4F41-AE0D-44CE805FDE16}"
EndProject
Project("{2150E333-8FDC-42A3-9474-1A3956D46DE8}") = "ApiGateways", "ApiGateways", "{1D6C82E9-CED4-43AA-9ADC-4E504CD58444}"
EndProject
Project("{2150E333-8FDC-42A3-9474-1A3956D46DE8}") = "Catalog", "Catalog", "{4366027A-81D6-40DA-BCBE-65247D0A4E1E}"
EndProject
Project("{2150E333-8FDC-42A3-9474-1A3956D46DE8}") = "Basket", "Basket", "{8EE1619B-EBD6-41DC-9C8F-0DAEA89DF85D}"
EndProject
Project("{2150E333-8FDC-42A3-9474-1A3956D46DE8}") = "Identity", "Identity", "{4C47B3A0-BB4C-4C3D-A898-6B7157782C8A}"
EndProject
Project("{2150E333-8FDC-42A3-9474-1A3956D46DE8}") = "Ordering", "Ordering", "{84E9AF73-3394-4252-BFB8-C13B622FA3B0}"
EndProject
Project("{2150E333-8FDC-42A3-9474-1A3956D46DE8}") = "Payment", "Payment", "{AAA69653-7A5C-4F46-98B2-1A4EC127BCE4}"
EndProject
Project("{2150E333-8FDC-42A3-9474-1A3956D46DE8}") = "Libraries", "Libraries", "{AA8C7518-3E64-44C4-9672-6D3C668FD65C}"
EndProject
Project("{9A19103F-16F7-4668-BE54-9A1E7A4F7556}") = "mShop.Catalog.Core", "src\Services\Catalog\Libraries\mShop.Catalog.Core\mShop.Catalog.Core.csproj", "{9BB85F03-AAA5-457D-8D0C-1B82EBE46C4C}"
EndProject
Project("{9A19103F-16F7-4668-BE54-9A1E7A4F7556}") = "mShop.Catalog.Data", "src\Services\Catalog\Libraries\mShop.Catalog.Data\mShop.Catalog.Data.csproj", "{930E1BF6-D32E-4C66-916B-0E18E652DAA4}"
EndProject
Project("{9A19103F-16F7-4668-BE54-9A1E7A4F7556}") = "mShop.Catalog.Services", "src\Services\Catalog\Libraries\mShop.Catalog.Services\mShop.Catalog.Services.csproj", "{D8387E1C-8B25-4AA6-AE1D-4D06E3804F1A}"
EndProject
Project("{2150E333-8FDC-42A3-9474-1A3956D46DE8}") = "Presentation", "Presentation", "{7EB04822-C56B-4B36-8275-E0493349269B}"
EndProject
Project("{9A19103F-16F7-4668-BE54-9A1E7A4F7556}") = "mShop.Catalog.Api", "src\Services\Catalog\Presentation\mShop.Catalog.Api\mShop.Catalog.Api.csproj", "{5CB111FC-3D0F-407E-9FAA-540AAF0C2AF3}"
EndProject
Project("{2150E333-8FDC-42A3-9474-1A3956D46DE8}") = "Tests", "Tests", "{7439D61C-E40D-475A-8E00-85B85CD81D0B}"
EndProject
Project("{9A19103F-16F7-4668-BE54-9A1E7A4F7556}") = "mShop.Catalog.Core.Tests", "src\Services\Catalog\Tests\mShop.Catalog.Core.Tests\mShop.Catalog.Core.Tests.csproj", "{42009A36-5ADA-4EC1-9CCD-52346C3D5182}"
EndProject
Project("{E53339B2-1760-4266-BCC7-CA923CBCF16C}") = "docker-compose", "docker-compose.dcproj", "{8C9C3A29-FB3A-4CD6-9FE4-DF26E4908E59}"
EndProject
Project("{2150E333-8FDC-42A3-9474-1A3956D46DE8}") = "Presentation", "Presentation", "{BDAD18C1-C702-4153-B924-C7361B6F3516}"
EndProject
Project("{2150E333-8FDC-42A3-9474-1A3956D46DE8}") = "Libraries", "Libraries", "{A6D59D43-8880-4DDD-9AA6-0A217367ED31}"
EndProject
Project("{2150E333-8FDC-42A3-9474-1A3956D46DE8}") = "Tests", "Tests", "{F8A9CE2F-E439-460D-A175-DE60B0DA666B}"
EndProject
Project("{9A19103F-16F7-4668-BE54-9A1E7A4F7556}") = "mShop.Basket.Core", "src\Services\Basket\Libraries\mShop.Basket.Core\mShop.Basket.Core.csproj", "{E360C35B-9492-46B5-BF80-A6A26FE2D85D}"
EndProject
Project("{9A19103F-16F7-4668-BE54-9A1E7A4F7556}") = "mShop.Basket.Data", "src\Services\Basket\Libraries\mShop.Basket.Data\mShop.Basket.Data.csproj", "{F3E8BE22-BCA4-45CC-AECB-C66EC6838648}"
EndProject
Project("{9A19103F-16F7-4668-BE54-9A1E7A4F7556}") = "mShop.Basket.Services", "src\Services\Basket\Libraries\mShop.Basket.Services\mShop.Basket.Services.csproj", "{63CCC33E-C463-4BFB-AC32-7F26AA2B832F}"
EndProject
Project("{9A19103F-16F7-4668-BE54-9A1E7A4F7556}") = "mShop.Basket.Api", "src\Services\Basket\Presentation\mShop.Basket.Api\mShop.Basket.Api.csproj", "{42B9682E-09C8-465E-AE39-C0F748EFDB1B}"
EndProject
Project("{FAE04EC0-301F-11D3-BF4B-00C04F79EFBC}") = "mShop.Basket.Data.Tests", "src\Services\Basket\Tests\mShop.Basket.Data.Tests\mShop.Basket.Data.Tests.csproj", "{FD92C34A-B055-4B65-8679-A68EBAFDD743}"
EndProject
Project("{2150E333-8FDC-42A3-9474-1A3956D46DE8}") = "Common", "Common", "{FEF0E491-4588-4E70-A6EB-22F3D672F7BC}"
EndProject
Project("{FAE04EC0-301F-11D3-BF4B-00C04F79EFBC}") = "mShop.EventBus", "src\Common\mShop.EventBus\mShop.EventBus.csproj", "{3399C223-E9AA-4DC2-B8CA-F5C0638BD392}"
EndProject
Global
	GlobalSection(SolutionConfigurationPlatforms) = preSolution
		Debug|Any CPU = Debug|Any CPU
		Release|Any CPU = Release|Any CPU
	EndGlobalSection
	GlobalSection(ProjectConfigurationPlatforms) = postSolution
		{9BB85F03-AAA5-457D-8D0C-1B82EBE46C4C}.Debug|Any CPU.ActiveCfg = Debug|Any CPU
		{9BB85F03-AAA5-457D-8D0C-1B82EBE46C4C}.Debug|Any CPU.Build.0 = Debug|Any CPU
		{9BB85F03-AAA5-457D-8D0C-1B82EBE46C4C}.Release|Any CPU.ActiveCfg = Release|Any CPU
		{9BB85F03-AAA5-457D-8D0C-1B82EBE46C4C}.Release|Any CPU.Build.0 = Release|Any CPU
		{930E1BF6-D32E-4C66-916B-0E18E652DAA4}.Debug|Any CPU.ActiveCfg = Debug|Any CPU
		{930E1BF6-D32E-4C66-916B-0E18E652DAA4}.Debug|Any CPU.Build.0 = Debug|Any CPU
		{930E1BF6-D32E-4C66-916B-0E18E652DAA4}.Release|Any CPU.ActiveCfg = Release|Any CPU
		{930E1BF6-D32E-4C66-916B-0E18E652DAA4}.Release|Any CPU.Build.0 = Release|Any CPU
		{D8387E1C-8B25-4AA6-AE1D-4D06E3804F1A}.Debug|Any CPU.ActiveCfg = Debug|Any CPU
		{D8387E1C-8B25-4AA6-AE1D-4D06E3804F1A}.Debug|Any CPU.Build.0 = Debug|Any CPU
		{D8387E1C-8B25-4AA6-AE1D-4D06E3804F1A}.Release|Any CPU.ActiveCfg = Release|Any CPU
		{D8387E1C-8B25-4AA6-AE1D-4D06E3804F1A}.Release|Any CPU.Build.0 = Release|Any CPU
		{5CB111FC-3D0F-407E-9FAA-540AAF0C2AF3}.Debug|Any CPU.ActiveCfg = Debug|Any CPU
		{5CB111FC-3D0F-407E-9FAA-540AAF0C2AF3}.Debug|Any CPU.Build.0 = Debug|Any CPU
		{5CB111FC-3D0F-407E-9FAA-540AAF0C2AF3}.Release|Any CPU.ActiveCfg = Release|Any CPU
		{5CB111FC-3D0F-407E-9FAA-540AAF0C2AF3}.Release|Any CPU.Build.0 = Release|Any CPU
		{42009A36-5ADA-4EC1-9CCD-52346C3D5182}.Debug|Any CPU.ActiveCfg = Debug|Any CPU
		{42009A36-5ADA-4EC1-9CCD-52346C3D5182}.Debug|Any CPU.Build.0 = Debug|Any CPU
		{42009A36-5ADA-4EC1-9CCD-52346C3D5182}.Release|Any CPU.ActiveCfg = Release|Any CPU
		{42009A36-5ADA-4EC1-9CCD-52346C3D5182}.Release|Any CPU.Build.0 = Release|Any CPU
		{8C9C3A29-FB3A-4CD6-9FE4-DF26E4908E59}.Debug|Any CPU.ActiveCfg = Debug|Any CPU
		{8C9C3A29-FB3A-4CD6-9FE4-DF26E4908E59}.Debug|Any CPU.Build.0 = Debug|Any CPU
		{8C9C3A29-FB3A-4CD6-9FE4-DF26E4908E59}.Release|Any CPU.ActiveCfg = Release|Any CPU
		{8C9C3A29-FB3A-4CD6-9FE4-DF26E4908E59}.Release|Any CPU.Build.0 = Release|Any CPU
		{E360C35B-9492-46B5-BF80-A6A26FE2D85D}.Debug|Any CPU.ActiveCfg = Debug|Any CPU
		{E360C35B-9492-46B5-BF80-A6A26FE2D85D}.Debug|Any CPU.Build.0 = Debug|Any CPU
		{E360C35B-9492-46B5-BF80-A6A26FE2D85D}.Release|Any CPU.ActiveCfg = Release|Any CPU
		{E360C35B-9492-46B5-BF80-A6A26FE2D85D}.Release|Any CPU.Build.0 = Release|Any CPU
		{F3E8BE22-BCA4-45CC-AECB-C66EC6838648}.Debug|Any CPU.ActiveCfg = Debug|Any CPU
		{F3E8BE22-BCA4-45CC-AECB-C66EC6838648}.Debug|Any CPU.Build.0 = Debug|Any CPU
		{F3E8BE22-BCA4-45CC-AECB-C66EC6838648}.Release|Any CPU.ActiveCfg = Release|Any CPU
		{F3E8BE22-BCA4-45CC-AECB-C66EC6838648}.Release|Any CPU.Build.0 = Release|Any CPU
		{63CCC33E-C463-4BFB-AC32-7F26AA2B832F}.Debug|Any CPU.ActiveCfg = Debug|Any CPU
		{63CCC33E-C463-4BFB-AC32-7F26AA2B832F}.Debug|Any CPU.Build.0 = Debug|Any CPU
		{63CCC33E-C463-4BFB-AC32-7F26AA2B832F}.Release|Any CPU.ActiveCfg = Release|Any CPU
		{63CCC33E-C463-4BFB-AC32-7F26AA2B832F}.Release|Any CPU.Build.0 = Release|Any CPU
		{42B9682E-09C8-465E-AE39-C0F748EFDB1B}.Debug|Any CPU.ActiveCfg = Debug|Any CPU
		{42B9682E-09C8-465E-AE39-C0F748EFDB1B}.Debug|Any CPU.Build.0 = Debug|Any CPU
		{42B9682E-09C8-465E-AE39-C0F748EFDB1B}.Release|Any CPU.ActiveCfg = Release|Any CPU
		{42B9682E-09C8-465E-AE39-C0F748EFDB1B}.Release|Any CPU.Build.0 = Release|Any CPU
		{FD92C34A-B055-4B65-8679-A68EBAFDD743}.Debug|Any CPU.ActiveCfg = Debug|Any CPU
		{FD92C34A-B055-4B65-8679-A68EBAFDD743}.Debug|Any CPU.Build.0 = Debug|Any CPU
		{FD92C34A-B055-4B65-8679-A68EBAFDD743}.Release|Any CPU.ActiveCfg = Release|Any CPU
		{FD92C34A-B055-4B65-8679-A68EBAFDD743}.Release|Any CPU.Build.0 = Release|Any CPU
		{3399C223-E9AA-4DC2-B8CA-F5C0638BD392}.Debug|Any CPU.ActiveCfg = Debug|Any CPU
		{3399C223-E9AA-4DC2-B8CA-F5C0638BD392}.Debug|Any CPU.Build.0 = Debug|Any CPU
		{3399C223-E9AA-4DC2-B8CA-F5C0638BD392}.Release|Any CPU.ActiveCfg = Release|Any CPU
		{3399C223-E9AA-4DC2-B8CA-F5C0638BD392}.Release|Any CPU.Build.0 = Release|Any CPU
	EndGlobalSection
	GlobalSection(SolutionProperties) = preSolution
		HideSolutionNode = FALSE
	EndGlobalSection
	GlobalSection(NestedProjects) = preSolution
		{59DA9440-4C21-4F41-AE0D-44CE805FDE16} = {DAE9D64F-AFC6-4B8B-8AC4-4F34516E1FB0}
		{1D6C82E9-CED4-43AA-9ADC-4E504CD58444} = {DAE9D64F-AFC6-4B8B-8AC4-4F34516E1FB0}
		{4366027A-81D6-40DA-BCBE-65247D0A4E1E} = {59DA9440-4C21-4F41-AE0D-44CE805FDE16}
		{8EE1619B-EBD6-41DC-9C8F-0DAEA89DF85D} = {59DA9440-4C21-4F41-AE0D-44CE805FDE16}
		{4C47B3A0-BB4C-4C3D-A898-6B7157782C8A} = {59DA9440-4C21-4F41-AE0D-44CE805FDE16}
		{84E9AF73-3394-4252-BFB8-C13B622FA3B0} = {59DA9440-4C21-4F41-AE0D-44CE805FDE16}
		{AAA69653-7A5C-4F46-98B2-1A4EC127BCE4} = {59DA9440-4C21-4F41-AE0D-44CE805FDE16}
		{AA8C7518-3E64-44C4-9672-6D3C668FD65C} = {4366027A-81D6-40DA-BCBE-65247D0A4E1E}
		{9BB85F03-AAA5-457D-8D0C-1B82EBE46C4C} = {AA8C7518-3E64-44C4-9672-6D3C668FD65C}
		{930E1BF6-D32E-4C66-916B-0E18E652DAA4} = {AA8C7518-3E64-44C4-9672-6D3C668FD65C}
		{D8387E1C-8B25-4AA6-AE1D-4D06E3804F1A} = {AA8C7518-3E64-44C4-9672-6D3C668FD65C}
		{7EB04822-C56B-4B36-8275-E0493349269B} = {4366027A-81D6-40DA-BCBE-65247D0A4E1E}
		{5CB111FC-3D0F-407E-9FAA-540AAF0C2AF3} = {7EB04822-C56B-4B36-8275-E0493349269B}
		{7439D61C-E40D-475A-8E00-85B85CD81D0B} = {4366027A-81D6-40DA-BCBE-65247D0A4E1E}
		{42009A36-5ADA-4EC1-9CCD-52346C3D5182} = {7439D61C-E40D-475A-8E00-85B85CD81D0B}
		{BDAD18C1-C702-4153-B924-C7361B6F3516} = {8EE1619B-EBD6-41DC-9C8F-0DAEA89DF85D}
		{A6D59D43-8880-4DDD-9AA6-0A217367ED31} = {8EE1619B-EBD6-41DC-9C8F-0DAEA89DF85D}
		{F8A9CE2F-E439-460D-A175-DE60B0DA666B} = {8EE1619B-EBD6-41DC-9C8F-0DAEA89DF85D}
		{E360C35B-9492-46B5-BF80-A6A26FE2D85D} = {A6D59D43-8880-4DDD-9AA6-0A217367ED31}
		{F3E8BE22-BCA4-45CC-AECB-C66EC6838648} = {A6D59D43-8880-4DDD-9AA6-0A217367ED31}
		{63CCC33E-C463-4BFB-AC32-7F26AA2B832F} = {A6D59D43-8880-4DDD-9AA6-0A217367ED31}
		{42B9682E-09C8-465E-AE39-C0F748EFDB1B} = {BDAD18C1-C702-4153-B924-C7361B6F3516}
		{FD92C34A-B055-4B65-8679-A68EBAFDD743} = {F8A9CE2F-E439-460D-A175-DE60B0DA666B}
		{FEF0E491-4588-4E70-A6EB-22F3D672F7BC} = {DAE9D64F-AFC6-4B8B-8AC4-4F34516E1FB0}
		{3399C223-E9AA-4DC2-B8CA-F5C0638BD392} = {FEF0E491-4588-4E70-A6EB-22F3D672F7BC}
	EndGlobalSection
	GlobalSection(ExtensibilityGlobals) = postSolution
		SolutionGuid = {74D6BC8C-1992-4BB5-B71F-35B8B1ED37DD}
	EndGlobalSection
EndGlobal
